// !$*UTF8*$!
{
	archiveVersion = 1;
	classes = {
	};
	objectVersion = 46;
	objects = {

/* Begin PBXBuildFile section */
		690056AC1CB4B7750090163E /* RoutineViewController.swift in Sources */ = {isa = PBXBuildFile; fileRef = 690056AB1CB4B7750090163E /* RoutineViewController.swift */; };
		690056AE1CB4B9690090163E /* SubmitRoutineViewController.swift in Sources */ = {isa = PBXBuildFile; fileRef = 690056AD1CB4B9690090163E /* SubmitRoutineViewController.swift */; };
		690056B71CB4BF4C0090163E /* LoginViewController.swift in Sources */ = {isa = PBXBuildFile; fileRef = 690056B51CB4BF4C0090163E /* LoginViewController.swift */; };
		690056B81CB4BF4C0090163E /* LoginViewController.xib in Resources */ = {isa = PBXBuildFile; fileRef = 690056B61CB4BF4C0090163E /* LoginViewController.xib */; };
		69B49CE21CB566AB001099B7 /* Common.framework in Embed Frameworks */ = {isa = PBXBuildFile; fileRef = 69B49CE01CB566AB001099B7 /* Common.framework */; settings = {ATTRIBUTES = (CodeSignOnCopy, RemoveHeadersOnCopy, ); }; };
		69EAE7241CA976D400E716D8 /* AppDelegate.swift in Sources */ = {isa = PBXBuildFile; fileRef = 69EAE7231CA976D400E716D8 /* AppDelegate.swift */; };
		69EAE7261CA976D400E716D8 /* DiaryViewController.swift in Sources */ = {isa = PBXBuildFile; fileRef = 69EAE7251CA976D400E716D8 /* DiaryViewController.swift */; };
		69EAE7291CA976D400E716D8 /* Main.storyboard in Resources */ = {isa = PBXBuildFile; fileRef = 69EAE7271CA976D400E716D8 /* Main.storyboard */; };
		69EAE72B1CA976D400E716D8 /* Assets.xcassets in Resources */ = {isa = PBXBuildFile; fileRef = 69EAE72A1CA976D400E716D8 /* Assets.xcassets */; };
		69EAE72E1CA976D400E716D8 /* LaunchScreen.storyboard in Resources */ = {isa = PBXBuildFile; fileRef = 69EAE72C1CA976D400E716D8 /* LaunchScreen.storyboard */; };
		69F82BD71CB4C3D20035E6A9 /* SettingsViewController.swift in Sources */ = {isa = PBXBuildFile; fileRef = 69F82BD61CB4C3D20035E6A9 /* SettingsViewController.swift */; };
		69F82BDB1CB4CC750035E6A9 /* User.swift in Sources */ = {isa = PBXBuildFile; fileRef = 69F82BDA1CB4CC750035E6A9 /* User.swift */; };
		C995086F388F5D39578F9F0E /* Pods_DayCareClient.framework in Frameworks */ = {isa = PBXBuildFile; fileRef = AB617C37006FFE1381A735BC /* Pods_DayCareClient.framework */; };
/* End PBXBuildFile section */

/* Begin PBXCopyFilesBuildPhase section */
		69B49CE31CB566AB001099B7 /* Embed Frameworks */ = {
			isa = PBXCopyFilesBuildPhase;
			buildActionMask = 2147483647;
			dstPath = "";
			dstSubfolderSpec = 10;
			files = (
				69B49CE21CB566AB001099B7 /* Common.framework in Embed Frameworks */,
			);
			name = "Embed Frameworks";
			runOnlyForDeploymentPostprocessing = 0;
		};
/* End PBXCopyFilesBuildPhase section */

/* Begin PBXFileReference section */
		0E5C8889C014CBF9A01A4975 /* Pods.debug.xcconfig */ = {isa = PBXFileReference; includeInIndex = 1; lastKnownFileType = text.xcconfig; name = Pods.debug.xcconfig; path = "Pods/Target Support Files/Pods/Pods.debug.xcconfig"; sourceTree = "<group>"; };
		1BEA28516BFFB2D14E3197AB /* Pods-DayCareClient.debug.xcconfig */ = {isa = PBXFileReference; includeInIndex = 1; lastKnownFileType = text.xcconfig; name = "Pods-DayCareClient.debug.xcconfig"; path = "../Pods/Target Support Files/Pods-DayCareClient/Pods-DayCareClient.debug.xcconfig"; sourceTree = "<group>"; };
		690056AB1CB4B7750090163E /* RoutineViewController.swift */ = {isa = PBXFileReference; fileEncoding = 4; lastKnownFileType = sourcecode.swift; path = RoutineViewController.swift; sourceTree = "<group>"; };
		690056AD1CB4B9690090163E /* SubmitRoutineViewController.swift */ = {isa = PBXFileReference; fileEncoding = 4; lastKnownFileType = sourcecode.swift; path = SubmitRoutineViewController.swift; sourceTree = "<group>"; };
		690056B51CB4BF4C0090163E /* LoginViewController.swift */ = {isa = PBXFileReference; fileEncoding = 4; lastKnownFileType = sourcecode.swift; path = LoginViewController.swift; sourceTree = "<group>"; };
		690056B61CB4BF4C0090163E /* LoginViewController.xib */ = {isa = PBXFileReference; fileEncoding = 4; lastKnownFileType = file.xib; path = LoginViewController.xib; sourceTree = "<group>"; };
		69A14A841CB4A5CF0005E88B /* DayCareClient-Bridging-Header.h */ = {isa = PBXFileReference; lastKnownFileType = sourcecode.c.h; path = "DayCareClient-Bridging-Header.h"; sourceTree = "<group>"; };
		69B49CE01CB566AB001099B7 /* Common.framework */ = {isa = PBXFileReference; explicitFileType = wrapper.framework; name = Common.framework; path = "/Users/rtayal/Library/Developer/Xcode/DerivedData/DayCare-bxgajivugyprmjhldjencqjdkrid/Build/Products/Debug-iphoneos/Common.framework"; sourceTree = "<absolute>"; };
		69EAE7201CA976D400E716D8 /* DayCareClient.app */ = {isa = PBXFileReference; explicitFileType = wrapper.application; includeInIndex = 0; path = DayCareClient.app; sourceTree = BUILT_PRODUCTS_DIR; };
		69EAE7231CA976D400E716D8 /* AppDelegate.swift */ = {isa = PBXFileReference; lastKnownFileType = sourcecode.swift; path = AppDelegate.swift; sourceTree = "<group>"; };
		69EAE7251CA976D400E716D8 /* DiaryViewController.swift */ = {isa = PBXFileReference; lastKnownFileType = sourcecode.swift; path = DiaryViewController.swift; sourceTree = "<group>"; };
		69EAE7281CA976D400E716D8 /* Base */ = {isa = PBXFileReference; lastKnownFileType = file.storyboard; name = Base; path = Base.lproj/Main.storyboard; sourceTree = "<group>"; };
		69EAE72A1CA976D400E716D8 /* Assets.xcassets */ = {isa = PBXFileReference; lastKnownFileType = folder.assetcatalog; path = Assets.xcassets; sourceTree = "<group>"; };
		69EAE72D1CA976D400E716D8 /* Base */ = {isa = PBXFileReference; lastKnownFileType = file.storyboard; name = Base; path = Base.lproj/LaunchScreen.storyboard; sourceTree = "<group>"; };
		69EAE72F1CA976D400E716D8 /* Info.plist */ = {isa = PBXFileReference; lastKnownFileType = text.plist.xml; path = Info.plist; sourceTree = "<group>"; };
		69F82BD61CB4C3D20035E6A9 /* SettingsViewController.swift */ = {isa = PBXFileReference; fileEncoding = 4; lastKnownFileType = sourcecode.swift; path = SettingsViewController.swift; sourceTree = "<group>"; };
		69F82BDA1CB4CC750035E6A9 /* User.swift */ = {isa = PBXFileReference; fileEncoding = 4; lastKnownFileType = sourcecode.swift; path = User.swift; sourceTree = "<group>"; };
		AB617C37006FFE1381A735BC /* Pods_DayCareClient.framework */ = {isa = PBXFileReference; explicitFileType = wrapper.framework; includeInIndex = 0; path = Pods_DayCareClient.framework; sourceTree = BUILT_PRODUCTS_DIR; };
		D04F03D4FB89EA47F415401E /* Pods.release.xcconfig */ = {isa = PBXFileReference; includeInIndex = 1; lastKnownFileType = text.xcconfig; name = Pods.release.xcconfig; path = "Pods/Target Support Files/Pods/Pods.release.xcconfig"; sourceTree = "<group>"; };
		F764C5D0379C724DADC7CBAC /* Pods-DayCareClient.release.xcconfig */ = {isa = PBXFileReference; includeInIndex = 1; lastKnownFileType = text.xcconfig; name = "Pods-DayCareClient.release.xcconfig"; path = "../Pods/Target Support Files/Pods-DayCareClient/Pods-DayCareClient.release.xcconfig"; sourceTree = "<group>"; };
/* End PBXFileReference section */

/* Begin PBXFrameworksBuildPhase section */
		69EAE71D1CA976D400E716D8 /* Frameworks */ = {
			isa = PBXFrameworksBuildPhase;
			buildActionMask = 2147483647;
			files = (
				C995086F388F5D39578F9F0E /* Pods_DayCareClient.framework in Frameworks */,
			);
			runOnlyForDeploymentPostprocessing = 0;
		};
/* End PBXFrameworksBuildPhase section */

/* Begin PBXGroup section */
		599A9DA7DD84E8FBB966039E /* Pods */ = {
			isa = PBXGroup;
			children = (
				0E5C8889C014CBF9A01A4975 /* Pods.debug.xcconfig */,
				D04F03D4FB89EA47F415401E /* Pods.release.xcconfig */,
				1BEA28516BFFB2D14E3197AB /* Pods-DayCareClient.debug.xcconfig */,
				F764C5D0379C724DADC7CBAC /* Pods-DayCareClient.release.xcconfig */,
			);
			name = Pods;
			sourceTree = "<group>";
		};
		690056B91CB4BF500090163E /* Login */ = {
			isa = PBXGroup;
			children = (
				690056B51CB4BF4C0090163E /* LoginViewController.swift */,
				690056B61CB4BF4C0090163E /* LoginViewController.xib */,
			);
			name = Login;
			sourceTree = "<group>";
		};
		69EAE7171CA976D400E716D8 = {
			isa = PBXGroup;
			children = (
				69EAE7221CA976D400E716D8 /* DayCareClient */,
				69EAE7211CA976D400E716D8 /* Products */,
				599A9DA7DD84E8FBB966039E /* Pods */,
				DDCC0558879A8572A39B7B76 /* Frameworks */,
			);
			sourceTree = "<group>";
		};
		69EAE7211CA976D400E716D8 /* Products */ = {
			isa = PBXGroup;
			children = (
				69EAE7201CA976D400E716D8 /* DayCareClient.app */,
			);
			name = Products;
			sourceTree = "<group>";
		};
		69EAE7221CA976D400E716D8 /* DayCareClient */ = {
			isa = PBXGroup;
			children = (
				69F82BDA1CB4CC750035E6A9 /* User.swift */,
				69EAE7231CA976D400E716D8 /* AppDelegate.swift */,
				690056B91CB4BF500090163E /* Login */,
				69EAE7251CA976D400E716D8 /* DiaryViewController.swift */,
				690056AB1CB4B7750090163E /* RoutineViewController.swift */,
				690056AD1CB4B9690090163E /* SubmitRoutineViewController.swift */,
				69F82BD61CB4C3D20035E6A9 /* SettingsViewController.swift */,
				69EAE7271CA976D400E716D8 /* Main.storyboard */,
				69EAE7351CA9775600E716D8 /* Supporting Files */,
			);
			path = DayCareClient;
			sourceTree = "<group>";
		};
		69EAE7351CA9775600E716D8 /* Supporting Files */ = {
			isa = PBXGroup;
			children = (
				69EAE72A1CA976D400E716D8 /* Assets.xcassets */,
				69EAE72C1CA976D400E716D8 /* LaunchScreen.storyboard */,
				69A14A841CB4A5CF0005E88B /* DayCareClient-Bridging-Header.h */,
				69EAE72F1CA976D400E716D8 /* Info.plist */,
			);
			name = "Supporting Files";
			sourceTree = "<group>";
		};
		DDCC0558879A8572A39B7B76 /* Frameworks */ = {
			isa = PBXGroup;
			children = (
				69B49CE01CB566AB001099B7 /* Common.framework */,
				AB617C37006FFE1381A735BC /* Pods_DayCareClient.framework */,
			);
			name = Frameworks;
			sourceTree = "<group>";
		};
/* End PBXGroup section */

/* Begin PBXNativeTarget section */
		69EAE71F1CA976D400E716D8 /* DayCareClient */ = {
			isa = PBXNativeTarget;
			buildConfigurationList = 69EAE7321CA976D400E716D8 /* Build configuration list for PBXNativeTarget "DayCareClient" */;
			buildPhases = (
				69EAE71C1CA976D400E716D8 /* Sources */,
				69EAE71D1CA976D400E716D8 /* Frameworks */,
				69EAE71E1CA976D400E716D8 /* Resources */,
				C07C8202DA2F94D5A66AA4BD /* Embed Pods Frameworks */,
				6957EEE91CB4115500C7A857 /* ShellScript */,
				690056AF1CB4BD260090163E /* ShellScript */,
				69B49CE31CB566AB001099B7 /* Embed Frameworks */,
			);
			buildRules = (
			);
			dependencies = (
			);
			name = DayCareClient;
			productName = DayCareClient;
			productReference = 69EAE7201CA976D400E716D8 /* DayCareClient.app */;
			productType = "com.apple.product-type.application";
		};
/* End PBXNativeTarget section */

/* Begin PBXProject section */
		69EAE7181CA976D400E716D8 /* Project object */ = {
			isa = PBXProject;
			attributes = {
				LastSwiftUpdateCheck = 0730;
				LastUpgradeCheck = 0730;
				ORGANIZATIONNAME = "Tayal, Rishabh";
				TargetAttributes = {
					69EAE71F1CA976D400E716D8 = {
						CreatedOnToolsVersion = 7.3;
						DevelopmentTeam = CEBY93VF85;
						SystemCapabilities = {
							com.apple.Push = {
								enabled = 1;
							};
						};
					};
				};
			};
			buildConfigurationList = 69EAE71B1CA976D400E716D8 /* Build configuration list for PBXProject "DayCareClient" */;
			compatibilityVersion = "Xcode 3.2";
			developmentRegion = English;
			hasScannedForEncodings = 0;
			knownRegions = (
				en,
				Base,
			);
			mainGroup = 69EAE7171CA976D400E716D8;
			productRefGroup = 69EAE7211CA976D400E716D8 /* Products */;
			projectDirPath = "";
			projectRoot = "";
			targets = (
				69EAE71F1CA976D400E716D8 /* DayCareClient */,
			);
		};
/* End PBXProject section */

/* Begin PBXResourcesBuildPhase section */
		69EAE71E1CA976D400E716D8 /* Resources */ = {
			isa = PBXResourcesBuildPhase;
			buildActionMask = 2147483647;
			files = (
				690056B81CB4BF4C0090163E /* LoginViewController.xib in Resources */,
				69EAE72E1CA976D400E716D8 /* LaunchScreen.storyboard in Resources */,
				69EAE72B1CA976D400E716D8 /* Assets.xcassets in Resources */,
				69EAE7291CA976D400E716D8 /* Main.storyboard in Resources */,
			);
			runOnlyForDeploymentPostprocessing = 0;
		};
/* End PBXResourcesBuildPhase section */

/* Begin PBXShellScriptBuildPhase section */
		690056AF1CB4BD260090163E /* ShellScript */ = {
			isa = PBXShellScriptBuildPhase;
			buildActionMask = 2147483647;
			files = (
			);
			inputPaths = (
			);
			outputPaths = (
			);
			runOnlyForDeploymentPostprocessing = 0;
			shellPath = /bin/sh;
			shellScript = "buildNumber=$(/usr/libexec/PlistBuddy -c \"Print CFBundleVersion\" \"${PROJECT_DIR}/${INFOPLIST_FILE}\")\nbuildNumber=$(($buildNumber + 1))\n/usr/libexec/PlistBuddy -c \"Set :CFBundleVersion $buildNumber\" \"${PROJECT_DIR}/${INFOPLIST_FILE}\"";
		};
		6957EEE91CB4115500C7A857 /* ShellScript */ = {
			isa = PBXShellScriptBuildPhase;
			buildActionMask = 2147483647;
			files = (
			);
			inputPaths = (
			);
			outputPaths = (
			);
			runOnlyForDeploymentPostprocessing = 0;
			shellPath = /bin/sh;
			shellScript = "\"${PODS_ROOT}/Fabric/run\" 02d3f7db22ac1a3e538528547a694d5230eb8278 af6ede98bc0742057c556b0ed733e4c57ae435cd7cc81f516bb2b4e456b7e234";
		};
		C07C8202DA2F94D5A66AA4BD /* Embed Pods Frameworks */ = {
			isa = PBXShellScriptBuildPhase;
			buildActionMask = 2147483647;
			files = (
			);
			inputPaths = (
			);
			name = "Embed Pods Frameworks";
			outputPaths = (
			);
			runOnlyForDeploymentPostprocessing = 0;
			shellPath = /bin/sh;
			shellScript = "\"${SRCROOT}/../Pods/Target Support Files/Pods-DayCareClient/Pods-DayCareClient-frameworks.sh\"\n";
			showEnvVarsInLog = 0;
		};
/* End PBXShellScriptBuildPhase section */

/* Begin PBXSourcesBuildPhase section */
		69EAE71C1CA976D400E716D8 /* Sources */ = {
			isa = PBXSourcesBuildPhase;
			buildActionMask = 2147483647;
			files = (
				69EAE7261CA976D400E716D8 /* DiaryViewController.swift in Sources */,
				690056AC1CB4B7750090163E /* RoutineViewController.swift in Sources */,
				69EAE7241CA976D400E716D8 /* AppDelegate.swift in Sources */,
				690056B71CB4BF4C0090163E /* LoginViewController.swift in Sources */,
				690056AE1CB4B9690090163E /* SubmitRoutineViewController.swift in Sources */,
				69F82BD71CB4C3D20035E6A9 /* SettingsViewController.swift in Sources */,
				69F82BDB1CB4CC750035E6A9 /* User.swift in Sources */,
			);
			runOnlyForDeploymentPostprocessing = 0;
		};
/* End PBXSourcesBuildPhase section */

/* Begin PBXVariantGroup section */
		69EAE7271CA976D400E716D8 /* Main.storyboard */ = {
			isa = PBXVariantGroup;
			children = (
				69EAE7281CA976D400E716D8 /* Base */,
			);
			name = Main.storyboard;
			sourceTree = "<group>";
		};
		69EAE72C1CA976D400E716D8 /* LaunchScreen.storyboard */ = {
			isa = PBXVariantGroup;
			children = (
				69EAE72D1CA976D400E716D8 /* Base */,
			);
			name = LaunchScreen.storyboard;
			sourceTree = "<group>";
		};
/* End PBXVariantGroup section */

/* Begin XCBuildConfiguration section */
		69EAE7301CA976D400E716D8 /* Debug */ = {
			isa = XCBuildConfiguration;
			buildSettings = {
				ALWAYS_SEARCH_USER_PATHS = NO;
				CLANG_ANALYZER_NONNULL = YES;
				CLANG_CXX_LANGUAGE_STANDARD = "gnu++0x";
				CLANG_CXX_LIBRARY = "libc++";
				CLANG_ENABLE_MODULES = YES;
				CLANG_ENABLE_OBJC_ARC = YES;
				CLANG_WARN_BOOL_CONVERSION = YES;
				CLANG_WARN_CONSTANT_CONVERSION = YES;
				CLANG_WARN_DIRECT_OBJC_ISA_USAGE = YES_ERROR;
				CLANG_WARN_EMPTY_BODY = YES;
				CLANG_WARN_ENUM_CONVERSION = YES;
				CLANG_WARN_INT_CONVERSION = YES;
				CLANG_WARN_OBJC_ROOT_CLASS = YES_ERROR;
				CLANG_WARN_UNREACHABLE_CODE = YES;
				CLANG_WARN__DUPLICATE_METHOD_MATCH = YES;
				"CODE_SIGN_IDENTITY[sdk=iphoneos*]" = "iPhone Developer";
				COPY_PHASE_STRIP = NO;
				DEBUG_INFORMATION_FORMAT = dwarf;
				ENABLE_STRICT_OBJC_MSGSEND = YES;
				ENABLE_TESTABILITY = YES;
				GCC_C_LANGUAGE_STANDARD = gnu99;
				GCC_DYNAMIC_NO_PIC = NO;
				GCC_NO_COMMON_BLOCKS = YES;
				GCC_OPTIMIZATION_LEVEL = 0;
				GCC_PREPROCESSOR_DEFINITIONS = (
					"DEBUG=1",
					"$(inherited)",
				);
				GCC_WARN_64_TO_32_BIT_CONVERSION = YES;
				GCC_WARN_ABOUT_RETURN_TYPE = YES_ERROR;
				GCC_WARN_UNDECLARED_SELECTOR = YES;
				GCC_WARN_UNINITIALIZED_AUTOS = YES_AGGRESSIVE;
				GCC_WARN_UNUSED_FUNCTION = YES;
				GCC_WARN_UNUSED_VARIABLE = YES;
				IPHONEOS_DEPLOYMENT_TARGET = 9.3;
				MTL_ENABLE_DEBUG_INFO = YES;
				ONLY_ACTIVE_ARCH = YES;
				SDKROOT = iphoneos;
				SWIFT_OPTIMIZATION_LEVEL = "-Onone";
			};
			name = Debug;
		};
		69EAE7311CA976D400E716D8 /* Release */ = {
			isa = XCBuildConfiguration;
			buildSettings = {
				ALWAYS_SEARCH_USER_PATHS = NO;
				CLANG_ANALYZER_NONNULL = YES;
				CLANG_CXX_LANGUAGE_STANDARD = "gnu++0x";
				CLANG_CXX_LIBRARY = "libc++";
				CLANG_ENABLE_MODULES = YES;
				CLANG_ENABLE_OBJC_ARC = YES;
				CLANG_WARN_BOOL_CONVERSION = YES;
				CLANG_WARN_CONSTANT_CONVERSION = YES;
				CLANG_WARN_DIRECT_OBJC_ISA_USAGE = YES_ERROR;
				CLANG_WARN_EMPTY_BODY = YES;
				CLANG_WARN_ENUM_CONVERSION = YES;
				CLANG_WARN_INT_CONVERSION = YES;
				CLANG_WARN_OBJC_ROOT_CLASS = YES_ERROR;
				CLANG_WARN_UNREACHABLE_CODE = YES;
				CLANG_WARN__DUPLICATE_METHOD_MATCH = YES;
				"CODE_SIGN_IDENTITY[sdk=iphoneos*]" = "iPhone Developer";
				COPY_PHASE_STRIP = NO;
				DEBUG_INFORMATION_FORMAT = "dwarf-with-dsym";
				ENABLE_NS_ASSERTIONS = NO;
				ENABLE_STRICT_OBJC_MSGSEND = YES;
				GCC_C_LANGUAGE_STANDARD = gnu99;
				GCC_NO_COMMON_BLOCKS = YES;
				GCC_WARN_64_TO_32_BIT_CONVERSION = YES;
				GCC_WARN_ABOUT_RETURN_TYPE = YES_ERROR;
				GCC_WARN_UNDECLARED_SELECTOR = YES;
				GCC_WARN_UNINITIALIZED_AUTOS = YES_AGGRESSIVE;
				GCC_WARN_UNUSED_FUNCTION = YES;
				GCC_WARN_UNUSED_VARIABLE = YES;
				IPHONEOS_DEPLOYMENT_TARGET = 9.3;
				MTL_ENABLE_DEBUG_INFO = NO;
				SDKROOT = iphoneos;
				VALIDATE_PRODUCT = YES;
			};
			name = Release;
		};
		69EAE7331CA976D400E716D8 /* Debug */ = {
			isa = XCBuildConfiguration;
			baseConfigurationReference = 1BEA28516BFFB2D14E3197AB /* Pods-DayCareClient.debug.xcconfig */;
			buildSettings = {
				ASSETCATALOG_COMPILER_APPICON_NAME = AppIcon;
				CLANG_ENABLE_MODULES = YES;
				CODE_SIGN_IDENTITY = "iPhone Developer";
				INFOPLIST_FILE = DayCareClient/Info.plist;
				IPHONEOS_DEPLOYMENT_TARGET = 9.0;
				LD_RUNPATH_SEARCH_PATHS = "$(inherited) @executable_path/Frameworks";
				PRODUCT_BUNDLE_IDENTIFIER = com.rtayal.DayCareClient;
				PRODUCT_NAME = "$(TARGET_NAME)";
				SWIFT_OBJC_BRIDGING_HEADER = "DayCareClient/DayCareClient-Bridging-Header.h";
				SWIFT_OPTIMIZATION_LEVEL = "-Onone";
			};
			name = Debug;
		};
		69EAE7341CA976D400E716D8 /* Release */ = {
			isa = XCBuildConfiguration;
			baseConfigurationReference = F764C5D0379C724DADC7CBAC /* Pods-DayCareClient.release.xcconfig */;
			buildSettings = {
				ASSETCATALOG_COMPILER_APPICON_NAME = AppIcon;
				CLANG_ENABLE_MODULES = YES;
				CODE_SIGN_IDENTITY = "iPhone Distribution";
				"CODE_SIGN_IDENTITY[sdk=iphoneos*]" = "iPhone Distribution";
				INFOPLIST_FILE = DayCareClient/Info.plist;
				IPHONEOS_DEPLOYMENT_TARGET = 9.0;
				LD_RUNPATH_SEARCH_PATHS = "$(inherited) @executable_path/Frameworks";
				PRODUCT_BUNDLE_IDENTIFIER = com.rtayal.DayCareClient;
				PRODUCT_NAME = "$(TARGET_NAME)";
				SWIFT_OBJC_BRIDGING_HEADER = "DayCareClient/DayCareClient-Bridging-Header.h";
			};
			name = Release;
		};
/* End XCBuildConfiguration section */

/* Begin XCConfigurationList section */
		69EAE71B1CA976D400E716D8 /* Build configuration list for PBXProject "DayCareClient" */ = {
			isa = XCConfigurationList;
			buildConfigurations = (
				69EAE7301CA976D400E716D8 /* Debug */,
				69EAE7311CA976D400E716D8 /* Release */,
			);
			defaultConfigurationIsVisible = 0;
			defaultConfigurationName = Release;
		};
		69EAE7321CA976D400E716D8 /* Build configuration list for PBXNativeTarget "DayCareClient" */ = {
			isa = XCConfigurationList;
			buildConfigurations = (
				69EAE7331CA976D400E716D8 /* Debug */,
				69EAE7341CA976D400E716D8 /* Release */,
			);
			defaultConfigurationIsVisible = 0;
			defaultConfigurationName = Release;
		};
/* End XCConfigurationList section */
	};
	rootObject = 69EAE7181CA976D400E716D8 /* Project object */;
}
