// !$*UTF8*$!
{
	archiveVersion = 1;
	classes = {
	};
	objectVersion = 46;
	objects = {

/* Begin PBXBuildFile section */
		69232DEE1CB6F33E00DC0D0C /* Utilities.swift in Sources */ = {isa = PBXBuildFile; fileRef = 69232DED1CB6F33E00DC0D0C /* Utilities.swift */; };
		6957EED41CB401DC00C7A857 /* Common.h in Headers */ = {isa = PBXBuildFile; fileRef = 6957EED31CB401DC00C7A857 /* Common.h */; settings = {ATTRIBUTES = (Public, ); }; };
		6957EEDF1CB401EE00C7A857 /* DCChild.swift in Sources */ = {isa = PBXBuildFile; fileRef = 6957EEDC1CB401EE00C7A857 /* DCChild.swift */; };
		6957EEE01CB401EE00C7A857 /* DCClass.swift in Sources */ = {isa = PBXBuildFile; fileRef = 6957EEDD1CB401EE00C7A857 /* DCClass.swift */; };
		6957EEE11CB401EE00C7A857 /* DCDiary.swift in Sources */ = {isa = PBXBuildFile; fileRef = 6957EEDE1CB401EE00C7A857 /* DCDiary.swift */; };
		69CFF48D1CB7099300E03C32 /* DCRoutine.swift in Sources */ = {isa = PBXBuildFile; fileRef = 69CFF48C1CB7099300E03C32 /* DCRoutine.swift */; };
		69CFF4901CB7110C00E03C32 /* ServiceCaller.swift in Sources */ = {isa = PBXBuildFile; fileRef = 69CFF48F1CB7110C00E03C32 /* ServiceCaller.swift */; };
		69CFF4931CB8025400E03C32 /* DiaryTableViewCell.swift in Sources */ = {isa = PBXBuildFile; fileRef = 69CFF4911CB8025400E03C32 /* DiaryTableViewCell.swift */; };
		69CFF4941CB8025400E03C32 /* DiaryTableViewCell.xib in Resources */ = {isa = PBXBuildFile; fileRef = 69CFF4921CB8025400E03C32 /* DiaryTableViewCell.xib */; };
		69CFF4971CB8045500E03C32 /* AppConstants.swift in Sources */ = {isa = PBXBuildFile; fileRef = 69CFF4961CB8045500E03C32 /* AppConstants.swift */; };
		69CFF49C1CB8118200E03C32 /* RoutineTableViewCell.swift in Sources */ = {isa = PBXBuildFile; fileRef = 69CFF49A1CB8118200E03C32 /* RoutineTableViewCell.swift */; };
		69CFF49D1CB8118200E03C32 /* RoutineTableViewCell.xib in Resources */ = {isa = PBXBuildFile; fileRef = 69CFF49B1CB8118200E03C32 /* RoutineTableViewCell.xib */; };
		EF7C318AB0FF940FACCB2FF4 /* Pods_Common.framework in Frameworks */ = {isa = PBXBuildFile; fileRef = AEF24E9CF079AA68365469A0 /* Pods_Common.framework */; };
/* End PBXBuildFile section */

/* Begin PBXFileReference section */
		69232DED1CB6F33E00DC0D0C /* Utilities.swift */ = {isa = PBXFileReference; fileEncoding = 4; lastKnownFileType = sourcecode.swift; path = Utilities.swift; sourceTree = "<group>"; };
		6957EED01CB401DC00C7A857 /* Common.framework */ = {isa = PBXFileReference; explicitFileType = wrapper.framework; includeInIndex = 0; path = Common.framework; sourceTree = BUILT_PRODUCTS_DIR; };
		6957EED31CB401DC00C7A857 /* Common.h */ = {isa = PBXFileReference; lastKnownFileType = sourcecode.c.h; path = Common.h; sourceTree = "<group>"; };
		6957EED51CB401DC00C7A857 /* Info.plist */ = {isa = PBXFileReference; lastKnownFileType = text.plist.xml; path = Info.plist; sourceTree = "<group>"; };
		6957EEDC1CB401EE00C7A857 /* DCChild.swift */ = {isa = PBXFileReference; fileEncoding = 4; lastKnownFileType = sourcecode.swift; path = DCChild.swift; sourceTree = "<group>"; };
		6957EEDD1CB401EE00C7A857 /* DCClass.swift */ = {isa = PBXFileReference; fileEncoding = 4; lastKnownFileType = sourcecode.swift; path = DCClass.swift; sourceTree = "<group>"; };
		6957EEDE1CB401EE00C7A857 /* DCDiary.swift */ = {isa = PBXFileReference; fileEncoding = 4; lastKnownFileType = sourcecode.swift; path = DCDiary.swift; sourceTree = "<group>"; };
		69CFF48C1CB7099300E03C32 /* DCRoutine.swift */ = {isa = PBXFileReference; fileEncoding = 4; lastKnownFileType = sourcecode.swift; path = DCRoutine.swift; sourceTree = "<group>"; };
		69CFF48F1CB7110C00E03C32 /* ServiceCaller.swift */ = {isa = PBXFileReference; fileEncoding = 4; lastKnownFileType = sourcecode.swift; path = ServiceCaller.swift; sourceTree = "<group>"; };
		69CFF4911CB8025400E03C32 /* DiaryTableViewCell.swift */ = {isa = PBXFileReference; fileEncoding = 4; lastKnownFileType = sourcecode.swift; path = DiaryTableViewCell.swift; sourceTree = "<group>"; };
		69CFF4921CB8025400E03C32 /* DiaryTableViewCell.xib */ = {isa = PBXFileReference; fileEncoding = 4; lastKnownFileType = file.xib; path = DiaryTableViewCell.xib; sourceTree = "<group>"; };
		69CFF4961CB8045500E03C32 /* AppConstants.swift */ = {isa = PBXFileReference; fileEncoding = 4; lastKnownFileType = sourcecode.swift; path = AppConstants.swift; sourceTree = "<group>"; };
		69CFF49A1CB8118200E03C32 /* RoutineTableViewCell.swift */ = {isa = PBXFileReference; fileEncoding = 4; lastKnownFileType = sourcecode.swift; path = RoutineTableViewCell.swift; sourceTree = "<group>"; };
		69CFF49B1CB8118200E03C32 /* RoutineTableViewCell.xib */ = {isa = PBXFileReference; fileEncoding = 4; lastKnownFileType = file.xib; path = RoutineTableViewCell.xib; sourceTree = "<group>"; };
		9435A9B9072FFF6C944A1318 /* Pods-Common.release.xcconfig */ = {isa = PBXFileReference; includeInIndex = 1; lastKnownFileType = text.xcconfig; name = "Pods-Common.release.xcconfig"; path = "../Pods/Target Support Files/Pods-Common/Pods-Common.release.xcconfig"; sourceTree = "<group>"; };
		AEF24E9CF079AA68365469A0 /* Pods_Common.framework */ = {isa = PBXFileReference; explicitFileType = wrapper.framework; includeInIndex = 0; path = Pods_Common.framework; sourceTree = BUILT_PRODUCTS_DIR; };
		DF79BB0B13BDF9635C3E85E3 /* Pods-Common.debug.xcconfig */ = {isa = PBXFileReference; includeInIndex = 1; lastKnownFileType = text.xcconfig; name = "Pods-Common.debug.xcconfig"; path = "../Pods/Target Support Files/Pods-Common/Pods-Common.debug.xcconfig"; sourceTree = "<group>"; };
/* End PBXFileReference section */

/* Begin PBXFrameworksBuildPhase section */
		6957EECC1CB401DC00C7A857 /* Frameworks */ = {
			isa = PBXFrameworksBuildPhase;
			buildActionMask = 2147483647;
			files = (
				EF7C318AB0FF940FACCB2FF4 /* Pods_Common.framework in Frameworks */,
			);
			runOnlyForDeploymentPostprocessing = 0;
		};
/* End PBXFrameworksBuildPhase section */

/* Begin PBXGroup section */
		6957EEC61CB401DC00C7A857 = {
			isa = PBXGroup;
			children = (
				6957EED21CB401DC00C7A857 /* Common */,
				6957EED11CB401DC00C7A857 /* Products */,
				EC40DE606C158F78F63C0A40 /* Pods */,
				9F977479972FB372540B3EC3 /* Frameworks */,
			);
			sourceTree = "<group>";
		};
		6957EED11CB401DC00C7A857 /* Products */ = {
			isa = PBXGroup;
			children = (
				6957EED01CB401DC00C7A857 /* Common.framework */,
			);
			name = Products;
			sourceTree = "<group>";
		};
		6957EED21CB401DC00C7A857 /* Common */ = {
			isa = PBXGroup;
			children = (
				69CFF48F1CB7110C00E03C32 /* ServiceCaller.swift */,
				69232DED1CB6F33E00DC0D0C /* Utilities.swift */,
				69CFF4961CB8045500E03C32 /* AppConstants.swift */,
				6957EEDB1CB401E400C7A857 /* Models */,
				69A14A831CB4A5670005E88B /* Supporting Files */,
			);
			path = Common;
			sourceTree = "<group>";
		};
		6957EEDB1CB401E400C7A857 /* Models */ = {
			isa = PBXGroup;
			children = (
				6957EEDC1CB401EE00C7A857 /* DCChild.swift */,
				6957EEDD1CB401EE00C7A857 /* DCClass.swift */,
				6957EEDE1CB401EE00C7A857 /* DCDiary.swift */,
				69CFF48C1CB7099300E03C32 /* DCRoutine.swift */,
				69CFF4951CB8025600E03C32 /* Views */,
			);
			name = Models;
			sourceTree = "<group>";
		};
		69A14A831CB4A5670005E88B /* Supporting Files */ = {
			isa = PBXGroup;
			children = (
				6957EED31CB401DC00C7A857 /* Common.h */,
				6957EED51CB401DC00C7A857 /* Info.plist */,
			);
			name = "Supporting Files";
			sourceTree = "<group>";
		};
		69CFF4951CB8025600E03C32 /* Views */ = {
			isa = PBXGroup;
			children = (
				69CFF4991CB8116C00E03C32 /* Routine Cell */,
				69CFF4981CB8116300E03C32 /* Diary Cell */,
			);
			name = Views;
			sourceTree = "<group>";
		};
		69CFF4981CB8116300E03C32 /* Diary Cell */ = {
			isa = PBXGroup;
			children = (
				69CFF4911CB8025400E03C32 /* DiaryTableViewCell.swift */,
				69CFF4921CB8025400E03C32 /* DiaryTableViewCell.xib */,
			);
			name = "Diary Cell";
			sourceTree = "<group>";
		};
		69CFF4991CB8116C00E03C32 /* Routine Cell */ = {
			isa = PBXGroup;
			children = (
				69CFF49A1CB8118200E03C32 /* RoutineTableViewCell.swift */,
				69CFF49B1CB8118200E03C32 /* RoutineTableViewCell.xib */,
			);
			name = "Routine Cell";
			sourceTree = "<group>";
		};
		9F977479972FB372540B3EC3 /* Frameworks */ = {
			isa = PBXGroup;
			children = (
				AEF24E9CF079AA68365469A0 /* Pods_Common.framework */,
			);
			name = Frameworks;
			sourceTree = "<group>";
		};
		EC40DE606C158F78F63C0A40 /* Pods */ = {
			isa = PBXGroup;
			children = (
				DF79BB0B13BDF9635C3E85E3 /* Pods-Common.debug.xcconfig */,
				9435A9B9072FFF6C944A1318 /* Pods-Common.release.xcconfig */,
			);
			name = Pods;
			sourceTree = "<group>";
		};
/* End PBXGroup section */

/* Begin PBXHeadersBuildPhase section */
		6957EECD1CB401DC00C7A857 /* Headers */ = {
			isa = PBXHeadersBuildPhase;
			buildActionMask = 2147483647;
			files = (
				6957EED41CB401DC00C7A857 /* Common.h in Headers */,
			);
			runOnlyForDeploymentPostprocessing = 0;
		};
/* End PBXHeadersBuildPhase section */

/* Begin PBXNativeTarget section */
		6957EECF1CB401DC00C7A857 /* Common */ = {
			isa = PBXNativeTarget;
			buildConfigurationList = 6957EED81CB401DC00C7A857 /* Build configuration list for PBXNativeTarget "Common" */;
			buildPhases = (
				5FDB03950A3080B25CE1E029 /* Check Pods Manifest.lock */,
				6957EECB1CB401DC00C7A857 /* Sources */,
				6957EECC1CB401DC00C7A857 /* Frameworks */,
				6957EECD1CB401DC00C7A857 /* Headers */,
				6957EECE1CB401DC00C7A857 /* Resources */,
				55B79CC6B3C2BE76514D1290 /* Copy Pods Resources */,
			);
			buildRules = (
			);
			dependencies = (
			);
			name = Common;
			productName = Common;
			productReference = 6957EED01CB401DC00C7A857 /* Common.framework */;
			productType = "com.apple.product-type.framework";
		};
/* End PBXNativeTarget section */

/* Begin PBXProject section */
		6957EEC71CB401DC00C7A857 /* Project object */ = {
			isa = PBXProject;
			attributes = {
				LastUpgradeCheck = 0730;
				ORGANIZATIONNAME = "Tayal, Rishabh";
				TargetAttributes = {
					6957EECF1CB401DC00C7A857 = {
						CreatedOnToolsVersion = 7.3;
					};
				};
			};
			buildConfigurationList = 6957EECA1CB401DC00C7A857 /* Build configuration list for PBXProject "Common" */;
			compatibilityVersion = "Xcode 3.2";
			developmentRegion = English;
			hasScannedForEncodings = 0;
			knownRegions = (
				en,
			);
			mainGroup = 6957EEC61CB401DC00C7A857;
			productRefGroup = 6957EED11CB401DC00C7A857 /* Products */;
			projectDirPath = "";
			projectRoot = "";
			targets = (
				6957EECF1CB401DC00C7A857 /* Common */,
			);
		};
/* End PBXProject section */

/* Begin PBXResourcesBuildPhase section */
		6957EECE1CB401DC00C7A857 /* Resources */ = {
			isa = PBXResourcesBuildPhase;
			buildActionMask = 2147483647;
			files = (
				69CFF49D1CB8118200E03C32 /* RoutineTableViewCell.xib in Resources */,
				69CFF4941CB8025400E03C32 /* DiaryTableViewCell.xib in Resources */,
			);
			runOnlyForDeploymentPostprocessing = 0;
		};
/* End PBXResourcesBuildPhase section */

/* Begin PBXShellScriptBuildPhase section */
		55B79CC6B3C2BE76514D1290 /* Copy Pods Resources */ = {
			isa = PBXShellScriptBuildPhase;
			buildActionMask = 2147483647;
			files = (
			);
			inputPaths = (
			);
			name = "Copy Pods Resources";
			outputPaths = (
			);
			runOnlyForDeploymentPostprocessing = 0;
			shellPath = /bin/sh;
			shellScript = "\"${SRCROOT}/../Pods/Target Support Files/Pods-Common/Pods-Common-resources.sh\"\n";
			showEnvVarsInLog = 0;
		};
		5FDB03950A3080B25CE1E029 /* Check Pods Manifest.lock */ = {
			isa = PBXShellScriptBuildPhase;
			buildActionMask = 2147483647;
			files = (
			);
			inputPaths = (
			);
			name = "Check Pods Manifest.lock";
			outputPaths = (
			);
			runOnlyForDeploymentPostprocessing = 0;
			shellPath = /bin/sh;
			shellScript = "diff \"${PODS_ROOT}/../Podfile.lock\" \"${PODS_ROOT}/Manifest.lock\" > /dev/null\nif [[ $? != 0 ]] ; then\n    cat << EOM\nerror: The sandbox is not in sync with the Podfile.lock. Run 'pod install' or update your CocoaPods installation.\nEOM\n    exit 1\nfi\n";
			showEnvVarsInLog = 0;
		};
/* End PBXShellScriptBuildPhase section */

/* Begin PBXSourcesBuildPhase section */
		6957EECB1CB401DC00C7A857 /* Sources */ = {
			isa = PBXSourcesBuildPhase;
			buildActionMask = 2147483647;
			files = (
				69CFF4931CB8025400E03C32 /* DiaryTableViewCell.swift in Sources */,
				6957EEE11CB401EE00C7A857 /* DCDiary.swift in Sources */,
				69CFF48D1CB7099300E03C32 /* DCRoutine.swift in Sources */,
				69CFF4971CB8045500E03C32 /* AppConstants.swift in Sources */,
				69CFF4901CB7110C00E03C32 /* ServiceCaller.swift in Sources */,
				6957EEDF1CB401EE00C7A857 /* DCChild.swift in Sources */,
				69232DEE1CB6F33E00DC0D0C /* Utilities.swift in Sources */,
				69CFF49C1CB8118200E03C32 /* RoutineTableViewCell.swift in Sources */,
				6957EEE01CB401EE00C7A857 /* DCClass.swift in Sources */,
			);
			runOnlyForDeploymentPostprocessing = 0;
		};
/* End PBXSourcesBuildPhase section */

/* Begin XCBuildConfiguration section */
		6957EED61CB401DC00C7A857 /* Debug */ = {
			isa = XCBuildConfiguration;
			buildSettings = {
				ALWAYS_SEARCH_USER_PATHS = NO;
				CLANG_ANALYZER_NONNULL = YES;
				CLANG_CXX_LANGUAGE_STANDARD = "gnu++0x";
				CLANG_CXX_LIBRARY = "libc++";
				CLANG_ENABLE_MODULES = YES;
				CLANG_ENABLE_OBJC_ARC = YES;
				CLANG_WARN_BOOL_CONVERSION = YES;
				CLANG_WARN_CONSTANT_CONVERSION = YES;
				CLANG_WARN_DIRECT_OBJC_ISA_USAGE = YES_ERROR;
				CLANG_WARN_EMPTY_BODY = YES;
				CLANG_WARN_ENUM_CONVERSION = YES;
				CLANG_WARN_INT_CONVERSION = YES;
				CLANG_WARN_OBJC_ROOT_CLASS = YES_ERROR;
				CLANG_WARN_UNREACHABLE_CODE = YES;
				CLANG_WARN__DUPLICATE_METHOD_MATCH = YES;
				"CODE_SIGN_IDENTITY[sdk=iphoneos*]" = "iPhone Developer";
				COPY_PHASE_STRIP = NO;
				CURRENT_PROJECT_VERSION = 1;
				DEBUG_INFORMATION_FORMAT = dwarf;
				ENABLE_STRICT_OBJC_MSGSEND = YES;
				ENABLE_TESTABILITY = YES;
				GCC_C_LANGUAGE_STANDARD = gnu99;
				GCC_DYNAMIC_NO_PIC = NO;
				GCC_NO_COMMON_BLOCKS = YES;
				GCC_OPTIMIZATION_LEVEL = 0;
				GCC_PREPROCESSOR_DEFINITIONS = (
					"DEBUG=1",
					"$(inherited)",
				);
				GCC_WARN_64_TO_32_BIT_CONVERSION = YES;
				GCC_WARN_ABOUT_RETURN_TYPE = YES_ERROR;
				GCC_WARN_UNDECLARED_SELECTOR = YES;
				GCC_WARN_UNINITIALIZED_AUTOS = YES_AGGRESSIVE;
				GCC_WARN_UNUSED_FUNCTION = YES;
				GCC_WARN_UNUSED_VARIABLE = YES;
				IPHONEOS_DEPLOYMENT_TARGET = 9.3;
				MTL_ENABLE_DEBUG_INFO = YES;
				ONLY_ACTIVE_ARCH = YES;
				SDKROOT = iphoneos;
				SWIFT_OPTIMIZATION_LEVEL = "-Onone";
				TARGETED_DEVICE_FAMILY = "1,2";
				VERSIONING_SYSTEM = "apple-generic";
				VERSION_INFO_PREFIX = "";
			};
			name = Debug;
		};
		6957EED71CB401DC00C7A857 /* Release */ = {
			isa = XCBuildConfiguration;
			buildSettings = {
				ALWAYS_SEARCH_USER_PATHS = NO;
				CLANG_ANALYZER_NONNULL = YES;
				CLANG_CXX_LANGUAGE_STANDARD = "gnu++0x";
				CLANG_CXX_LIBRARY = "libc++";
				CLANG_ENABLE_MODULES = YES;
				CLANG_ENABLE_OBJC_ARC = YES;
				CLANG_WARN_BOOL_CONVERSION = YES;
				CLANG_WARN_CONSTANT_CONVERSION = YES;
				CLANG_WARN_DIRECT_OBJC_ISA_USAGE = YES_ERROR;
				CLANG_WARN_EMPTY_BODY = YES;
				CLANG_WARN_ENUM_CONVERSION = YES;
				CLANG_WARN_INT_CONVERSION = YES;
				CLANG_WARN_OBJC_ROOT_CLASS = YES_ERROR;
				CLANG_WARN_UNREACHABLE_CODE = YES;
				CLANG_WARN__DUPLICATE_METHOD_MATCH = YES;
				"CODE_SIGN_IDENTITY[sdk=iphoneos*]" = "iPhone Developer";
				COPY_PHASE_STRIP = NO;
				CURRENT_PROJECT_VERSION = 1;
				DEBUG_INFORMATION_FORMAT = "dwarf-with-dsym";
				ENABLE_NS_ASSERTIONS = NO;
				ENABLE_STRICT_OBJC_MSGSEND = YES;
				GCC_C_LANGUAGE_STANDARD = gnu99;
				GCC_NO_COMMON_BLOCKS = YES;
				GCC_WARN_64_TO_32_BIT_CONVERSION = YES;
				GCC_WARN_ABOUT_RETURN_TYPE = YES_ERROR;
				GCC_WARN_UNDECLARED_SELECTOR = YES;
				GCC_WARN_UNINITIALIZED_AUTOS = YES_AGGRESSIVE;
				GCC_WARN_UNUSED_FUNCTION = YES;
				GCC_WARN_UNUSED_VARIABLE = YES;
				IPHONEOS_DEPLOYMENT_TARGET = 9.3;
				MTL_ENABLE_DEBUG_INFO = NO;
				SDKROOT = iphoneos;
				TARGETED_DEVICE_FAMILY = "1,2";
				VALIDATE_PRODUCT = YES;
				VERSIONING_SYSTEM = "apple-generic";
				VERSION_INFO_PREFIX = "";
			};
			name = Release;
		};
		6957EED91CB401DC00C7A857 /* Debug */ = {
			isa = XCBuildConfiguration;
			baseConfigurationReference = DF79BB0B13BDF9635C3E85E3 /* Pods-Common.debug.xcconfig */;
			buildSettings = {
				DEFINES_MODULE = YES;
				DYLIB_COMPATIBILITY_VERSION = 1;
				DYLIB_CURRENT_VERSION = 1;
				DYLIB_INSTALL_NAME_BASE = "@rpath";
				INFOPLIST_FILE = Common/Info.plist;
				INSTALL_PATH = "$(LOCAL_LIBRARY_DIR)/Frameworks";
				IPHONEOS_DEPLOYMENT_TARGET = 9.0;
				LD_RUNPATH_SEARCH_PATHS = "$(inherited) @executable_path/Frameworks @loader_path/Frameworks";
				PRODUCT_BUNDLE_IDENTIFIER = com.rtayal.Common;
				PRODUCT_NAME = "$(TARGET_NAME)";
				SKIP_INSTALL = YES;
			};
			name = Debug;
		};
		6957EEDA1CB401DC00C7A857 /* Release */ = {
			isa = XCBuildConfiguration;
			baseConfigurationReference = 9435A9B9072FFF6C944A1318 /* Pods-Common.release.xcconfig */;
			buildSettings = {
				DEFINES_MODULE = YES;
				DYLIB_COMPATIBILITY_VERSION = 1;
				DYLIB_CURRENT_VERSION = 1;
				DYLIB_INSTALL_NAME_BASE = "@rpath";
				INFOPLIST_FILE = Common/Info.plist;
				INSTALL_PATH = "$(LOCAL_LIBRARY_DIR)/Frameworks";
				IPHONEOS_DEPLOYMENT_TARGET = 9.0;
				LD_RUNPATH_SEARCH_PATHS = "$(inherited) @executable_path/Frameworks @loader_path/Frameworks";
				PRODUCT_BUNDLE_IDENTIFIER = com.rtayal.Common;
				PRODUCT_NAME = "$(TARGET_NAME)";
				SKIP_INSTALL = YES;
			};
			name = Release;
		};
/* End XCBuildConfiguration section */

/* Begin XCConfigurationList section */
		6957EECA1CB401DC00C7A857 /* Build configuration list for PBXProject "Common" */ = {
			isa = XCConfigurationList;
			buildConfigurations = (
				6957EED61CB401DC00C7A857 /* Debug */,
				6957EED71CB401DC00C7A857 /* Release */,
			);
			defaultConfigurationIsVisible = 0;
			defaultConfigurationName = Release;
		};
		6957EED81CB401DC00C7A857 /* Build configuration list for PBXNativeTarget "Common" */ = {
			isa = XCConfigurationList;
			buildConfigurations = (
				6957EED91CB401DC00C7A857 /* Debug */,
				6957EEDA1CB401DC00C7A857 /* Release */,
			);
			defaultConfigurationIsVisible = 0;
			defaultConfigurationName = Release;
		};
/* End XCConfigurationList section */
	};
	rootObject = 6957EEC71CB401DC00C7A857 /* Project object */;
}
