// !$*UTF8*$!
{
	archiveVersion = 1;
	classes = {
	};
	objectVersion = 46;
	objects = {

/* Begin PBXBuildFile section */
		6919D5E51CA7307700A4018F /* AppDelegate.swift in Sources */ = {isa = PBXBuildFile; fileRef = 6919D5E41CA7307700A4018F /* AppDelegate.swift */; };
		6919D5E71CA7307700A4018F /* ViewController.swift in Sources */ = {isa = PBXBuildFile; fileRef = 6919D5E61CA7307700A4018F /* ViewController.swift */; };
		6919D5EA1CA7307700A4018F /* Main.storyboard in Resources */ = {isa = PBXBuildFile; fileRef = 6919D5E81CA7307700A4018F /* Main.storyboard */; };
		6919D5EC1CA7307700A4018F /* Assets.xcassets in Resources */ = {isa = PBXBuildFile; fileRef = 6919D5EB1CA7307700A4018F /* Assets.xcassets */; };
		6919D5EF1CA7307700A4018F /* LaunchScreen.storyboard in Resources */ = {isa = PBXBuildFile; fileRef = 6919D5ED1CA7307700A4018F /* LaunchScreen.storyboard */; };
/* End PBXBuildFile section */

/* Begin PBXFileReference section */
		6919D5E11CA7307700A4018F /* DayCare.app */ = {isa = PBXFileReference; explicitFileType = wrapper.application; includeInIndex = 0; path = DayCare.app; sourceTree = BUILT_PRODUCTS_DIR; };
		6919D5E41CA7307700A4018F /* AppDelegate.swift */ = {isa = PBXFileReference; lastKnownFileType = sourcecode.swift; path = AppDelegate.swift; sourceTree = "<group>"; };
		6919D5E61CA7307700A4018F /* ViewController.swift */ = {isa = PBXFileReference; lastKnownFileType = sourcecode.swift; path = ViewController.swift; sourceTree = "<group>"; };
		6919D5E91CA7307700A4018F /* Base */ = {isa = PBXFileReference; lastKnownFileType = file.storyboard; name = Base; path = Base.lproj/Main.storyboard; sourceTree = "<group>"; };
		6919D5EB1CA7307700A4018F /* Assets.xcassets */ = {isa = PBXFileReference; lastKnownFileType = folder.assetcatalog; path = Assets.xcassets; sourceTree = "<group>"; };
		6919D5EE1CA7307700A4018F /* Base */ = {isa = PBXFileReference; lastKnownFileType = file.storyboard; name = Base; path = Base.lproj/LaunchScreen.storyboard; sourceTree = "<group>"; };
		6919D5F01CA7307800A4018F /* Info.plist */ = {isa = PBXFileReference; lastKnownFileType = text.plist.xml; path = Info.plist; sourceTree = "<group>"; };
/* End PBXFileReference section */

/* Begin PBXFrameworksBuildPhase section */
		6919D5DE1CA7307700A4018F /* Frameworks */ = {
			isa = PBXFrameworksBuildPhase;
			buildActionMask = 2147483647;
			files = (
			);
			runOnlyForDeploymentPostprocessing = 0;
		};
/* End PBXFrameworksBuildPhase section */

/* Begin PBXGroup section */
		6919D5D81CA7307700A4018F = {
			isa = PBXGroup;
			children = (
				6919D5E31CA7307700A4018F /* DayCare */,
				6919D5E21CA7307700A4018F /* Products */,
			);
			sourceTree = "<group>";
		};
		6919D5E21CA7307700A4018F /* Products */ = {
			isa = PBXGroup;
			children = (
				6919D5E11CA7307700A4018F /* DayCare.app */,
			);
			name = Products;
			sourceTree = "<group>";
		};
		6919D5E31CA7307700A4018F /* DayCare */ = {
			isa = PBXGroup;
			children = (
				6919D5E41CA7307700A4018F /* AppDelegate.swift */,
				6919D5E61CA7307700A4018F /* ViewController.swift */,
				6919D5E81CA7307700A4018F /* Main.storyboard */,
				6919D5EB1CA7307700A4018F /* Assets.xcassets */,
				6919D5ED1CA7307700A4018F /* LaunchScreen.storyboard */,
				6919D5F01CA7307800A4018F /* Info.plist */,
			);
			path = DayCare;
			sourceTree = "<group>";
		};
/* End PBXGroup section */

/* Begin PBXNativeTarget section */
		6919D5E01CA7307700A4018F /* DayCare */ = {
			isa = PBXNativeTarget;
			buildConfigurationList = 6919D5F31CA7307800A4018F /* Build configuration list for PBXNativeTarget "DayCare" */;
			buildPhases = (
				6919D5DD1CA7307700A4018F /* Sources */,
				6919D5DE1CA7307700A4018F /* Frameworks */,
				6919D5DF1CA7307700A4018F /* Resources */,
			);
			buildRules = (
			);
			dependencies = (
			);
			name = DayCare;
			productName = DayCare;
			productReference = 6919D5E11CA7307700A4018F /* DayCare.app */;
			productType = "com.apple.product-type.application";
		};
/* End PBXNativeTarget section */

/* Begin PBXProject section */
		6919D5D91CA7307700A4018F /* Project object */ = {
			isa = PBXProject;
			attributes = {
				LastSwiftUpdateCheck = 0730;
				LastUpgradeCheck = 0730;
				ORGANIZATIONNAME = "Tayal, Rishabh";
				TargetAttributes = {
					6919D5E01CA7307700A4018F = {
						CreatedOnToolsVersion = 7.3;
					};
				};
			};
			buildConfigurationList = 6919D5DC1CA7307700A4018F /* Build configuration list for PBXProject "DayCare" */;
			compatibilityVersion = "Xcode 3.2";
			developmentRegion = English;
			hasScannedForEncodings = 0;
			knownRegions = (
				en,
				Base,
			);
			mainGroup = 6919D5D81CA7307700A4018F;
			productRefGroup = 6919D5E21CA7307700A4018F /* Products */;
			projectDirPath = "";
			projectRoot = "";
			targets = (
				6919D5E01CA7307700A4018F /* DayCare */,
			);
		};
/* End PBXProject section */

/* Begin PBXResourcesBuildPhase section */
		6919D5DF1CA7307700A4018F /* Resources */ = {
			isa = PBXResourcesBuildPhase;
			buildActionMask = 2147483647;
			files = (
				6919D5EF1CA7307700A4018F /* LaunchScreen.storyboard in Resources */,
				6919D5EC1CA7307700A4018F /* Assets.xcassets in Resources */,
				6919D5EA1CA7307700A4018F /* Main.storyboard in Resources */,
			);
			runOnlyForDeploymentPostprocessing = 0;
		};
/* End PBXResourcesBuildPhase section */

/* Begin PBXSourcesBuildPhase section */
		6919D5DD1CA7307700A4018F /* Sources */ = {
			isa = PBXSourcesBuildPhase;
			buildActionMask = 2147483647;
			files = (
				6919D5E71CA7307700A4018F /* ViewController.swift in Sources */,
				6919D5E51CA7307700A4018F /* AppDelegate.swift in Sources */,
			);
			runOnlyForDeploymentPostprocessing = 0;
		};
/* End PBXSourcesBuildPhase section */

/* Begin PBXVariantGroup section */
		6919D5E81CA7307700A4018F /* Main.storyboard */ = {
			isa = PBXVariantGroup;
			children = (
				6919D5E91CA7307700A4018F /* Base */,
			);
			name = Main.storyboard;
			sourceTree = "<group>";
		};
		6919D5ED1CA7307700A4018F /* LaunchScreen.storyboard */ = {
			isa = PBXVariantGroup;
			children = (
				6919D5EE1CA7307700A4018F /* Base */,
			);
			name = LaunchScreen.storyboard;
			sourceTree = "<group>";
		};
/* End PBXVariantGroup section */

/* Begin XCBuildConfiguration section */
		6919D5F11CA7307800A4018F /* Debug */ = {
			isa = XCBuildConfiguration;
			buildSettings = {
				ALWAYS_SEARCH_USER_PATHS = NO;
				CLANG_ANALYZER_NONNULL = YES;
				CLANG_CXX_LANGUAGE_STANDARD = "gnu++0x";
				CLANG_CXX_LIBRARY = "libc++";
				CLANG_ENABLE_MODULES = YES;
				CLANG_ENABLE_OBJC_ARC = YES;
				CLANG_WARN_BOOL_CONVERSION = YES;
				CLANG_WARN_CONSTANT_CONVERSION = YES;
				CLANG_WARN_DIRECT_OBJC_ISA_USAGE = YES_ERROR;
				CLANG_WARN_EMPTY_BODY = YES;
				CLANG_WARN_ENUM_CONVERSION = YES;
				CLANG_WARN_INT_CONVERSION = YES;
				CLANG_WARN_OBJC_ROOT_CLASS = YES_ERROR;
				CLANG_WARN_UNREACHABLE_CODE = YES;
				CLANG_WARN__DUPLICATE_METHOD_MATCH = YES;
				"CODE_SIGN_IDENTITY[sdk=iphoneos*]" = "iPhone Developer";
				COPY_PHASE_STRIP = NO;
				DEBUG_INFORMATION_FORMAT = dwarf;
				ENABLE_STRICT_OBJC_MSGSEND = YES;
				ENABLE_TESTABILITY = YES;
				GCC_C_LANGUAGE_STANDARD = gnu99;
				GCC_DYNAMIC_NO_PIC = NO;
				GCC_NO_COMMON_BLOCKS = YES;
				GCC_OPTIMIZATION_LEVEL = 0;
				GCC_PREPROCESSOR_DEFINITIONS = (
					"DEBUG=1",
					"$(inherited)",
				);
				GCC_WARN_64_TO_32_BIT_CONVERSION = YES;
				GCC_WARN_ABOUT_RETURN_TYPE = YES_ERROR;
				GCC_WARN_UNDECLARED_SELECTOR = YES;
				GCC_WARN_UNINITIALIZED_AUTOS = YES_AGGRESSIVE;
				GCC_WARN_UNUSED_FUNCTION = YES;
				GCC_WARN_UNUSED_VARIABLE = YES;
				IPHONEOS_DEPLOYMENT_TARGET = 9.3;
				MTL_ENABLE_DEBUG_INFO = YES;
				ONLY_ACTIVE_ARCH = YES;
				SDKROOT = iphoneos;
				SWIFT_OPTIMIZATION_LEVEL = "-Onone";
			};
			name = Debug;
		};
		6919D5F21CA7307800A4018F /* Release */ = {
			isa = XCBuildConfiguration;
			buildSettings = {
				ALWAYS_SEARCH_USER_PATHS = NO;
				CLANG_ANALYZER_NONNULL = YES;
				CLANG_CXX_LANGUAGE_STANDARD = "gnu++0x";
				CLANG_CXX_LIBRARY = "libc++";
				CLANG_ENABLE_MODULES = YES;
				CLANG_ENABLE_OBJC_ARC = YES;
				CLANG_WARN_BOOL_CONVERSION = YES;
				CLANG_WARN_CONSTANT_CONVERSION = YES;
				CLANG_WARN_DIRECT_OBJC_ISA_USAGE = YES_ERROR;
				CLANG_WARN_EMPTY_BODY = YES;
				CLANG_WARN_ENUM_CONVERSION = YES;
				CLANG_WARN_INT_CONVERSION = YES;
				CLANG_WARN_OBJC_ROOT_CLASS = YES_ERROR;
				CLANG_WARN_UNREACHABLE_CODE = YES;
				CLANG_WARN__DUPLICATE_METHOD_MATCH = YES;
				"CODE_SIGN_IDENTITY[sdk=iphoneos*]" = "iPhone Developer";
				COPY_PHASE_STRIP = NO;
				DEBUG_INFORMATION_FORMAT = "dwarf-with-dsym";
				ENABLE_NS_ASSERTIONS = NO;
				ENABLE_STRICT_OBJC_MSGSEND = YES;
				GCC_C_LANGUAGE_STANDARD = gnu99;
				GCC_NO_COMMON_BLOCKS = YES;
				GCC_WARN_64_TO_32_BIT_CONVERSION = YES;
				GCC_WARN_ABOUT_RETURN_TYPE = YES_ERROR;
				GCC_WARN_UNDECLARED_SELECTOR = YES;
				GCC_WARN_UNINITIALIZED_AUTOS = YES_AGGRESSIVE;
				GCC_WARN_UNUSED_FUNCTION = YES;
				GCC_WARN_UNUSED_VARIABLE = YES;
				IPHONEOS_DEPLOYMENT_TARGET = 9.3;
				MTL_ENABLE_DEBUG_INFO = NO;
				SDKROOT = iphoneos;
				VALIDATE_PRODUCT = YES;
			};
			name = Release;
		};
		6919D5F41CA7307800A4018F /* Debug */ = {
			isa = XCBuildConfiguration;
			buildSettings = {
				ASSETCATALOG_COMPILER_APPICON_NAME = AppIcon;
				INFOPLIST_FILE = DayCare/Info.plist;
				LD_RUNPATH_SEARCH_PATHS = "$(inherited) @executable_path/Frameworks";
				PRODUCT_BUNDLE_IDENTIFIER = com.rtayal.DayCare;
				PRODUCT_NAME = "$(TARGET_NAME)";
			};
			name = Debug;
		};
		6919D5F51CA7307800A4018F /* Release */ = {
			isa = XCBuildConfiguration;
			buildSettings = {
				ASSETCATALOG_COMPILER_APPICON_NAME = AppIcon;
				INFOPLIST_FILE = DayCare/Info.plist;
				LD_RUNPATH_SEARCH_PATHS = "$(inherited) @executable_path/Frameworks";
				PRODUCT_BUNDLE_IDENTIFIER = com.rtayal.DayCare;
				PRODUCT_NAME = "$(TARGET_NAME)";
			};
			name = Release;
		};
/* End XCBuildConfiguration section */

/* Begin XCConfigurationList section */
		6919D5DC1CA7307700A4018F /* Build configuration list for PBXProject "DayCare" */ = {
			isa = XCConfigurationList;
			buildConfigurations = (
				6919D5F11CA7307800A4018F /* Debug */,
				6919D5F21CA7307800A4018F /* Release */,
			);
			defaultConfigurationIsVisible = 0;
			defaultConfigurationName = Release;
		};
		6919D5F31CA7307800A4018F /* Build configuration list for PBXNativeTarget "DayCare" */ = {
			isa = XCConfigurationList;
			buildConfigurations = (
				6919D5F41CA7307800A4018F /* Debug */,
				6919D5F51CA7307800A4018F /* Release */,
			);
			defaultConfigurationIsVisible = 0;
		};
/* End XCConfigurationList section */
	};
	rootObject = 6919D5D91CA7307700A4018F /* Project object */;
}
